<?xml version="1.0" encoding="utf-8"?>
<Project ToolsVersion="4.0" xmlns="http://schemas.microsoft.com/developer/msbuild/2003">
  <ItemGroup>
    <Filter Include="Platform">
      <UniqueIdentifier>{2AC788B4-1694-E3BF-3FAD-D1672BD9184E}</UniqueIdentifier>
    </Filter>
    <Filter Include="Platform\OpenGL">
      <UniqueIdentifier>{1E7D2C1D-8A08-9AE1-9319-1DD6FF23F6E1}</UniqueIdentifier>
    </Filter>
    <Filter Include="Platform\Windows">
      <UniqueIdentifier>{64FBD71A-50F4-F66C-7926-DCF1657ED678}</UniqueIdentifier>
    </Filter>
    <Filter Include="RoMan">
      <UniqueIdentifier>{020C090E-6E20-31BF-37A2-D41EA3752DF0}</UniqueIdentifier>
    </Filter>
    <Filter Include="RoMan\Events">
      <UniqueIdentifier>{A6E1DC83-9244-6C28-3BCA-A4DE270C38AB}</UniqueIdentifier>
    </Filter>
    <Filter Include="RoMan\ImGui">
      <UniqueIdentifier>{ACFA9E78-18B0-176E-A1A4-11450D590E72}</UniqueIdentifier>
    </Filter>
  </ItemGroup>
  <ItemGroup>
    <ClInclude Include="src\Platform\OpenGL\ImGuIOpenGLRenderer.h">
      <Filter>Platform\OpenGL</Filter>
    </ClInclude>
    <ClInclude Include="src\Platform\Windows\WindowsInput.h">
      <Filter>Platform\Windows</Filter>
    </ClInclude>
    <ClInclude Include="src\Platform\Windows\WindowsWindow.h">
      <Filter>Platform\Windows</Filter>
    </ClInclude>
    <ClInclude Include="src\RoMan.h" />
    <ClInclude Include="src\RoMan\Application.h">
      <Filter>RoMan</Filter>
    </ClInclude>
    <ClInclude Include="src\RoMan\Core.h">
      <Filter>RoMan</Filter>
    </ClInclude>
    <ClInclude Include="src\RoMan\EntryPoint.h">
      <Filter>RoMan</Filter>
    </ClInclude>
    <ClInclude Include="src\RoMan\Events\ApplicationEvent.h">
      <Filter>RoMan\Events</Filter>
    </ClInclude>
    <ClInclude Include="src\RoMan\Events\Event.h">
      <Filter>RoMan\Events</Filter>
    </ClInclude>
    <ClInclude Include="src\RoMan\Events\KeyEvent.h">
      <Filter>RoMan\Events</Filter>
    </ClInclude>
    <ClInclude Include="src\RoMan\Events\MouseEvent.h">
      <Filter>RoMan\Events</Filter>
    </ClInclude>
    <ClInclude Include="src\RoMan\ImGui\ImGuiLayer.h">
      <Filter>RoMan\ImGui</Filter>
    </ClInclude>
    <ClInclude Include="src\RoMan\Input.h">
      <Filter>RoMan</Filter>
    </ClInclude>
    <ClInclude Include="src\RoMan\KeyCodes.h">
      <Filter>RoMan</Filter>
    </ClInclude>
    <ClInclude Include="src\RoMan\Layer.h">
      <Filter>RoMan</Filter>
    </ClInclude>
    <ClInclude Include="src\RoMan\LayerStack.h">
      <Filter>RoMan</Filter>
    </ClInclude>
    <ClInclude Include="src\RoMan\Log.h">
      <Filter>RoMan</Filter>
    </ClInclude>
    <ClInclude Include="src\RoMan\MouseButtonCodes.h">
      <Filter>RoMan</Filter>
    </ClInclude>
    <ClInclude Include="src\RoMan\Window.h">
      <Filter>RoMan</Filter>
    </ClInclude>
    <ClInclude Include="src\rmpch.h" />
  </ItemGroup>
  <ItemGroup>
    <ClCompile Include="src\Platform\OpenGL\ImGuiOpenGLRenderer.cpp">
      <Filter>Platform\OpenGL</Filter>
    </ClCompile>
    <ClCompile Include="src\Platform\Windows\WindowsInput.cpp">
      <Filter>Platform\Windows</Filter>
    </ClCompile>
    <ClCompile Include="src\Platform\Windows\WindowsWindow.cpp">
      <Filter>Platform\Windows</Filter>
    </ClCompile>
    <ClCompile Include="src\RoMan\Application.cpp">
      <Filter>RoMan</Filter>
    </ClCompile>
    <ClCompile Include="src\RoMan\ImGui\ImGuiLayer.cpp">
      <Filter>RoMan\ImGui</Filter>
    </ClCompile>
    <ClCompile Include="src\RoMan\Layer.cpp">
      <Filter>RoMan</Filter>
    </ClCompile>
    <ClCompile Include="src\RoMan\LayerStack.cpp">
      <Filter>RoMan</Filter>
    </ClCompile>
    <ClCompile Include="src\RoMan\Log.cpp">
      <Filter>RoMan</Filter>
    </ClCompile>
    <ClCompile Include="src\rmpch.cpp" />
  </ItemGroup>
</Project>